
Microsoft Visual Studio Solution File, Format Version 12.00
# Visual Studio Version 17
VisualStudioVersion = 17.4.33122.133
MinimumVisualStudioVersion = 10.0.40219.1
Project("{2150E333-8FDC-42A3-9474-1A3956D46DE8}") = "Elsa", "Elsa", "{8B3D679E-03E5-47B6-A3DE-85A9A7FA7918}"
EndProject
Project("{FAE04EC0-301F-11D3-BF4B-00C04F79EFBC}") = "ElsaConsole", "Elsa\ElsaConsole\ElsaConsole.csproj", "{7814537E-B387-40DB-B375-2BC2CD48D4F8}"
EndProject
Global
	GlobalSection(SolutionConfigurationPlatforms) = preSolution
		Debug|Any CPU = Debug|Any CPU
		Release|Any CPU = Release|Any CPU
	EndGlobalSection
	GlobalSection(ProjectConfigurationPlatforms) = postSolution
		{7814537E-B387-40DB-B375-2BC2CD48D4F8}.Debug|Any CPU.ActiveCfg = Debug|Any CPU
		{7814537E-B387-40DB-B375-2BC2CD48D4F8}.Debug|Any CPU.Build.0 = Debug|Any CPU
		{7814537E-B387-40DB-B375-2BC2CD48D4F8}.Release|Any CPU.ActiveCfg = Release|Any CPU
		{7814537E-B387-40DB-B375-2BC2CD48D4F8}.Release|Any CPU.Build.0 = Release|Any CPU
	EndGlobalSection
	GlobalSection(SolutionProperties) = preSolution
		HideSolutionNode = FALSE
	EndGlobalSection
	GlobalSection(NestedProjects) = preSolution
		{7814537E-B387-40DB-B375-2BC2CD48D4F8} = {8B3D679E-03E5-47B6-A3DE-85A9A7FA7918}
	EndGlobalSection
	GlobalSection(ExtensibilityGlobals) = postSolution
		SolutionGuid = {121F3B6C-E0F2-4449-A0C7-59627E3C2C97}
	EndGlobalSection
EndGlobal
